
Microsoft Visual Studio Solution File, Format Version 12.00
# Visual Studio Version 17
VisualStudioVersion = 17.5.002.0
MinimumVisualStudioVersion = 10.0.40219.1
Project("{9A19103F-16F7-4668-BE54-9A1E7A4F7556}") = "AuthAPI", "AuthAPI.csproj", "{C8816769-06D7-4CA4-8B05-F6E1FAB189D8}"
EndProject
Global
	GlobalSection(SolutionConfigurationPlatforms) = preSolution
		Debug|Any CPU = Debug|Any CPU
		Release|Any CPU = Release|Any CPU
	EndGlobalSection
	GlobalSection(ProjectConfigurationPlatforms) = postSolution
		{C8816769-06D7-4CA4-8B05-F6E1FAB189D8}.Debug|Any CPU.ActiveCfg = Debug|Any CPU
		{C8816769-06D7-4CA4-8B05-F6E1FAB189D8}.Debug|Any CPU.Build.0 = Debug|Any CPU
		{C8816769-06D7-4CA4-8B05-F6E1FAB189D8}.Release|Any CPU.ActiveCfg = Release|Any CPU
		{C8816769-06D7-4CA4-8B05-F6E1FAB189D8}.Release|Any CPU.Build.0 = Release|Any CPU
	EndGlobalSection
	GlobalSection(SolutionProperties) = preSolution
		HideSolutionNode = FALSE
	EndGlobalSection
	GlobalSection(ExtensibilityGlobals) = postSolution
		SolutionGuid = {0E6B8391-A95F-45C9-8B83-DF4CC8E7E010}
	EndGlobalSection
EndGlobal
